schema: '2.0'
stages:
  preprocess:
    cmd: python src/preprocess.py Dataset/raw/AI_Resume_Screening.csv 
      Dataset/preprocessed/train.csv Dataset/preprocessed/test.csv
    deps:
    - path: Dataset/raw/AI_Resume_Screening.csv
      hash: md5
      md5: 6842f4457c3c0d8d148441d8ff39821e
      size: 105089
    - path: src/preprocess.py
      hash: md5
      md5: 7460b0457e55bb38b80ad7886e9a61fa
      size: 2220
    outs:
    - path: Dataset/preprocessed/test.csv
      hash: md5
      md5: 85cfb3318aca640a84a43df595c28376
      size: 48682
    - path: Dataset/preprocessed/train.csv
      hash: md5
      md5: 8159205a078f1703ac3c690b4d45f569
      size: 196073
  train:
    cmd: python src/train.py Dataset/preprocessed/train.csv Models/C_model.pkl 
      Models/R_model.pkl train.classifier_HPs
    deps:
    - path: Dataset/preprocessed/train.csv
      hash: md5
      md5: 8159205a078f1703ac3c690b4d45f569
      size: 196073
    - path: src/train.py
      hash: md5
      md5: 16bf4c0509e3eec0635e5c8a5d30536e
      size: 6057
    params:
      params.yaml:
        train.classifier_HPs:
          C:
          - 2
          - 4
          - 5
    outs:
    - path: Models/C_model.pkl
      hash: md5
      md5: 1f3b6b6ef1df92226d66030519c63046
      size: 7098
    - path: Models/R_model.pkl
      hash: md5
      md5: 0db1b61e645e815dacdd7e28abe8949b
      size: 561
  evaluate:
    cmd: python src/evaluate.py Dataset/preprocessed/test.csv Models/R_model.pkl
      Models/C_model.pkl
    deps:
    - path: Dataset/preprocessed/test.csv
      hash: md5
      md5: 85cfb3318aca640a84a43df595c28376
      size: 48682
    - path: Models/C_model.pkl
      hash: md5
      md5: 1f3b6b6ef1df92226d66030519c63046
      size: 7098
    - path: Models/R_model.pkl
      hash: md5
      md5: 0db1b61e645e815dacdd7e28abe8949b
      size: 561
    - path: src/evaluate.py
      hash: md5
      md5: da8e9683ebd0c06a107a77966be7f93b
      size: 2017
